github.com/zalhonan/go-learn-protos v0.0.0-20240707165712-cff67c3b8341 h1:OHsk0zRj0v9QSUqvZ12hM1cxlYNn8mkXNtb9c1SOruM=
github.com/zalhonan/go-learn-protos v0.0.0-20240707165712-cff67c3b8341/go.mod h1:TcoGEjZXHzSnzux/mqH7GJwfaa0VNqp9jVqf/cif8tQ=
github.com/zalhonan/go-learn-protos v0.0.2 h1:6PV96I/V9RyihCBU0VG7cNSZL3PoMXGKqSw8Y37h7XA=
github.com/zalhonan/go-learn-protos v0.0.2/go.mod h1:TcoGEjZXHzSnzux/mqH7GJwfaa0VNqp9jVqf/cif8tQ=
